PODS:
  - AJKit/UIKit (0.1.0)
  - DBInvalidApplePay (1.0.0):
    - AJKit/UIKit (~> 0.1.0)

DEPENDENCIES:
  - DBInvalidApplePay (from `../`)

SPEC REPOS:
  https://github.com/cocoapods/specs.git:
    - AJKit

EXTERNAL SOURCES:
  DBInvalidApplePay:
    :path: "../"

SPEC CHECKSUMS:
  AJKit: 1c3a89068b71439c4bbca5500e36375bf8e988dc
  DBInvalidApplePay: af1601c76045ad3fcba3dd6bf36ab029dab59107

PODFILE CHECKSUM: 6b415c13a51fbeb87263f3b39acbe4458211c141

COCOAPODS: 1.7.5
